
Microsoft Visual Studio Solution File, Format Version 12.00
# Visual Studio Version 16
VisualStudioVersion = 16.0.29911.84
MinimumVisualStudioVersion = 10.0.40219.1
Project("{FAE04EC0-301F-11D3-BF4B-00C04F79EFBC}") = "tut3", "..\..\source\repos\turorial3\turorial3\tut3.csproj", "{8485996F-8FC6-4D6B-B629-78510D2CDEC0}"
EndProject
Global
	GlobalSection(SolutionConfigurationPlatforms) = preSolution
		Debug|Any CPU = Debug|Any CPU
		Release|Any CPU = Release|Any CPU
	EndGlobalSection
	GlobalSection(ProjectConfigurationPlatforms) = postSolution
		{8485996F-8FC6-4D6B-B629-78510D2CDEC0}.Debug|Any CPU.ActiveCfg = Debug|Any CPU
		{8485996F-8FC6-4D6B-B629-78510D2CDEC0}.Debug|Any CPU.Build.0 = Debug|Any CPU
		{8485996F-8FC6-4D6B-B629-78510D2CDEC0}.Release|Any CPU.ActiveCfg = Release|Any CPU
		{8485996F-8FC6-4D6B-B629-78510D2CDEC0}.Release|Any CPU.Build.0 = Release|Any CPU
	EndGlobalSection
	GlobalSection(SolutionProperties) = preSolution
		HideSolutionNode = FALSE
	EndGlobalSection
	GlobalSection(ExtensibilityGlobals) = postSolution
		SolutionGuid = {93F949E1-5A51-4A51-A449-9CA5F6C305D5}
	EndGlobalSection
EndGlobal
